
Microsoft Visual Studio Solution File, Format Version 11.00
# Visual Studio 2010
Project("{FAE04EC0-301F-11D3-BF4B-00C04F79EFBC}") = "Rainy", "Rainy\Rainy.csproj", "{7BB12286-1E31-4CBE-9C07-9E66D4AF0336}"
EndProject
Project("{FAE04EC0-301F-11D3-BF4B-00C04F79EFBC}") = "JsonConfig", "JsonConfig\JsonConfig\JsonConfig.csproj", "{10095092-E1E5-441F-9380-B6329F3CFEB4}"
EndProject
Project("{FAE04EC0-301F-11D3-BF4B-00C04F79EFBC}") = "Rainy-tests", "Rainy-tests\Rainy-tests.csproj", "{29E069BB-47ED-4E03-92F8-35754D22F600}"
EndProject
Project("{FAE04EC0-301F-11D3-BF4B-00C04F79EFBC}") = "DevDefined.OAuth", "DevDefined.OAuth\src\DevDefined.OAuth\DevDefined.OAuth.csproj", "{61B700B6-3911-4CEF-8751-7F42CA765068}"
EndProject
Project("{FAE04EC0-301F-11D3-BF4B-00C04F79EFBC}") = "Tomboy-library", "tomboy-library\Tomboy-library\Tomboy-library.csproj", "{040AA912-9738-438A-A7FD-5BB02C40C30A}"
EndProject
Project("{FAE04EC0-301F-11D3-BF4B-00C04F79EFBC}") = "Tomboy-library-tests", "tomboy-library\Tomboy-library\Tomboy-library-tests\Tomboy-library-tests.csproj", "{216746A7-D297-4108-933A-1E926EB9B167}"
EndProject
Global
	GlobalSection(SolutionConfigurationPlatforms) = preSolution
		Testing|Any CPU = Testing|Any CPU
		Release|Any CPU = Release|Any CPU
		Debug|Any CPU = Debug|Any CPU
	EndGlobalSection
	GlobalSection(ProjectConfigurationPlatforms) = postSolution
		{040AA912-9738-438A-A7FD-5BB02C40C30A}.Debug|Any CPU.ActiveCfg = Debug|Any CPU
		{040AA912-9738-438A-A7FD-5BB02C40C30A}.Debug|Any CPU.Build.0 = Debug|Any CPU
		{040AA912-9738-438A-A7FD-5BB02C40C30A}.Release|Any CPU.ActiveCfg = Release|Any CPU
		{040AA912-9738-438A-A7FD-5BB02C40C30A}.Release|Any CPU.Build.0 = Release|Any CPU
		{040AA912-9738-438A-A7FD-5BB02C40C30A}.Testing|Any CPU.ActiveCfg = UnitTesting|Any CPU
		{040AA912-9738-438A-A7FD-5BB02C40C30A}.Testing|Any CPU.Build.0 = UnitTesting|Any CPU
		{10095092-E1E5-441F-9380-B6329F3CFEB4}.Debug|Any CPU.ActiveCfg = Debug|x86
		{10095092-E1E5-441F-9380-B6329F3CFEB4}.Debug|Any CPU.Build.0 = Debug|x86
		{10095092-E1E5-441F-9380-B6329F3CFEB4}.Release|Any CPU.ActiveCfg = Release|x86
		{10095092-E1E5-441F-9380-B6329F3CFEB4}.Release|Any CPU.Build.0 = Release|x86
		{10095092-E1E5-441F-9380-B6329F3CFEB4}.Testing|Any CPU.ActiveCfg = Testing|Any CPU
		{10095092-E1E5-441F-9380-B6329F3CFEB4}.Testing|Any CPU.Build.0 = Testing|Any CPU
		{216746A7-D297-4108-933A-1E926EB9B167}.Debug|Any CPU.ActiveCfg = Debug|Any CPU
		{216746A7-D297-4108-933A-1E926EB9B167}.Release|Any CPU.ActiveCfg = Release|Any CPU
		{216746A7-D297-4108-933A-1E926EB9B167}.Testing|Any CPU.ActiveCfg = UnitTesting|Any CPU
		{216746A7-D297-4108-933A-1E926EB9B167}.Testing|Any CPU.Build.0 = UnitTesting|Any CPU
		{29E069BB-47ED-4E03-92F8-35754D22F600}.Debug|Any CPU.ActiveCfg = Debug|Any CPU
		{29E069BB-47ED-4E03-92F8-35754D22F600}.Release|Any CPU.ActiveCfg = Release|Any CPU
		{29E069BB-47ED-4E03-92F8-35754D22F600}.Testing|Any CPU.ActiveCfg = Testing|Any CPU
		{29E069BB-47ED-4E03-92F8-35754D22F600}.Testing|Any CPU.Build.0 = Testing|Any CPU
		{61B700B6-3911-4CEF-8751-7F42CA765068}.Debug|Any CPU.ActiveCfg = Debug|Any CPU
		{61B700B6-3911-4CEF-8751-7F42CA765068}.Debug|Any CPU.Build.0 = Debug|Any CPU
		{61B700B6-3911-4CEF-8751-7F42CA765068}.Release|Any CPU.ActiveCfg = Release|Any CPU
		{61B700B6-3911-4CEF-8751-7F42CA765068}.Release|Any CPU.Build.0 = Release|Any CPU
		{61B700B6-3911-4CEF-8751-7F42CA765068}.Testing|Any CPU.ActiveCfg = Debug|Any CPU
		{61B700B6-3911-4CEF-8751-7F42CA765068}.Testing|Any CPU.Build.0 = Debug|Any CPU
		{7BB12286-1E31-4CBE-9C07-9E66D4AF0336}.Debug|Any CPU.ActiveCfg = Debug|Any CPU
		{7BB12286-1E31-4CBE-9C07-9E66D4AF0336}.Debug|Any CPU.Build.0 = Debug|Any CPU
		{7BB12286-1E31-4CBE-9C07-9E66D4AF0336}.Release|Any CPU.ActiveCfg = Release|Any CPU
		{7BB12286-1E31-4CBE-9C07-9E66D4AF0336}.Release|Any CPU.Build.0 = Release|Any CPU
		{7BB12286-1E31-4CBE-9C07-9E66D4AF0336}.Testing|Any CPU.ActiveCfg = Testing|Any CPU
		{7BB12286-1E31-4CBE-9C07-9E66D4AF0336}.Testing|Any CPU.Build.0 = Testing|Any CPU
	EndGlobalSection
	GlobalSection(MonoDevelopProperties) = preSolution
		StartupItem = Rainy\Rainy.csproj
	EndGlobalSection
EndGlobal
